Microsoft Visual Studio Solution File, Format Version 12.00
# Visual Studio Version 17
VisualStudioVersion = 17.5.2.0
MinimumVisualStudioVersion = 10.0.40219.1
Project("{FAE04EC0-301F-11D3-BF4B-00C04F79EFBC}") = "GATEWAY_Core", "GATEWAY_Core.csproj", "{083BD508-231E-10B3-10A8-7CA9E5AADBAA}"
EndProject
Global
	GlobalSection(SolutionConfigurationPlatforms) = preSolution
		Debug|Any CPU = Debug|Any CPU
		Release|Any CPU = Release|Any CPU
	EndGlobalSection
	GlobalSection(ProjectConfigurationPlatforms) = postSolution
		{083BD508-231E-10B3-10A8-7CA9E5AADBAA}.Debug|Any CPU.ActiveCfg = Debug|Any CPU
		{083BD508-231E-10B3-10A8-7CA9E5AADBAA}.Debug|Any CPU.Build.0 = Debug|Any CPU
		{083BD508-231E-10B3-10A8-7CA9E5AADBAA}.Release|Any CPU.ActiveCfg = Release|Any CPU
		{083BD508-231E-10B3-10A8-7CA9E5AADBAA}.Release|Any CPU.Build.0 = Release|Any CPU
	EndGlobalSection
	GlobalSection(SolutionProperties) = preSolution
		HideSolutionNode = FALSE
	EndGlobalSection
	GlobalSection(ExtensibilityGlobals) = postSolution
		SolutionGuid = {B8FF4144-F51B-4C2D-A3CD-5567960E7C34}
	EndGlobalSection
EndGlobal
